# This file is automatically @generated by Cargo.
# It is not intended for manual editing.
version = 4

[[package]]
name = "libc"
version = "0.2.174"
source = "registry+https://github.com/rust-lang/crates.io-index"
checksum = "1171693293099992e19cddea4e8b849964e9846f4acee11b3948bcc337be8776"

[[package]]
name = "noargs"
version = "0.4.1"
source = "registry+https://github.com/rust-lang/crates.io-index"
checksum = "fe77e710319d3ff009f93efc433d879e80e6336f5b87ace6d6db7ca5951085c3"

[[package]]
name = "nojson"
version = "0.1.2"
source = "registry+https://github.com/rust-lang/crates.io-index"
checksum = "7a6c9ff732ef44506baf68a5851fc47547084562c8ed441908c605e75e516000"

[[package]]
name = "orfail"
version = "1.1.0"
source = "registry+https://github.com/rust-lang/crates.io-index"
checksum = "aba2212a0fddd290c8209fb9b0393382435ede29c24a71f245d7fa92f0f3442e"

[[package]]
name = "pixed"
version = "0.1.0"
dependencies = [
 "noargs",
 "nojson",
 "orfail",
 "tuinix",
]

[[package]]
name = "tuinix"
version = "0.1.5"
source = "registry+https://github.com/rust-lang/crates.io-index"
checksum = "5622f8e2e397f0eeddee17e0443f2355a5858f2e8faa86a0d915a0b4a1960dc7"
dependencies = [
 "libc",
]
